
Microsoft Visual Studio Solution File, Format Version 12.00
# Visual Studio Version 17
VisualStudioVersion = 17.14.36511.14 d17.14
MinimumVisualStudioVersion = 10.0.40219.1
Project("{FAE04EC0-301F-11D3-BF4B-00C04F79EFBC}") = "POCClienteEvento", "POCClienteEvento\POCClienteEvento.csproj", "{12671EE7-583A-4770-B5CC-61B97895585A}"
EndProject
Global
	GlobalSection(SolutionConfigurationPlatforms) = preSolution
		Debug|Any CPU = Debug|Any CPU
		Release|Any CPU = Release|Any CPU
	EndGlobalSection
	GlobalSection(ProjectConfigurationPlatforms) = postSolution
		{12671EE7-583A-4770-B5CC-61B97895585A}.Debug|Any CPU.ActiveCfg = Debug|Any CPU
		{12671EE7-583A-4770-B5CC-61B97895585A}.Debug|Any CPU.Build.0 = Debug|Any CPU
		{12671EE7-583A-4770-B5CC-61B97895585A}.Release|Any CPU.ActiveCfg = Release|Any CPU
		{12671EE7-583A-4770-B5CC-61B97895585A}.Release|Any CPU.Build.0 = Release|Any CPU
	EndGlobalSection
	GlobalSection(SolutionProperties) = preSolution
		HideSolutionNode = FALSE
	EndGlobalSection
	GlobalSection(ExtensibilityGlobals) = postSolution
		SolutionGuid = {9693CC48-2030-4328-AD94-6052151C4396}
	EndGlobalSection
EndGlobal
